github.com/PuerkitoBio/goquery v1.6.0 h1:j7taAbelrdcsOlGeMenZxc2AWXD5fieT1/znArdnx94=
github.com/PuerkitoBio/goquery v1.6.0/go.mod h1:GsLWisAFVj4WgDibEWF4pvYnkVQBpKBKeU+7zCJoLcc=
github.com/andybalholm/cascadia v1.1.0 h1:BuuO6sSfQNFRu1LppgbD25Hr2vLYW25JvxHs5zzsLTo=
github.com/andybalholm/cascadia v1.1.0/go.mod h1:GsXiBklL0woXo1j/WYWtSYYC4ouU9PqHO0sqidkEA4Y=
github.com/fatih/structs v1.1.0 h1:Q7juDM0QtcnhCpeyLGQKyg4TOIghuNXrkL32pHAUMxo=
github.com/fatih/structs v1.1.0/go.mod h1:9NiDSp5zOcgEDl+j00MP/WkGVPOlPRLejGD8Ga6PJ7M=
github.com/minkj1992/django-rest-tutorial v1.0.0 h1:5gC57A+ZSZ/rXILMz1S2zaoklQNmw1JDz/O4zj6vijM=
github.com/minkj1992/django-rest-tutorial v1.0.0/go.mod h1:IpJ6D3ZmE9QP2Vu1vB1fpc3kfFmq/zJnnCcujJeEzoE=
github.com/minkj1992/django_docs v0.0.0-20201017084210-03da503cd327 h1:A6bL+trYPFpjr9OmcYfm/Tn+zQjMPwcH+tOV6nweA1E=
github.com/minkj1992/django_docs v0.0.0-20201017084210-03da503cd327/go.mod h1:1dGvgv5vaPf5PhKLPDRcTMAbsql7czz0JDSjUmcAqDM=
github.com/minkj1992/git v0.0.0-20201125163149-5a22dccdb98f h1:/tDyWHPN/JspXqrpRRVb2RTlblSL4BTMaVsuAFZfinc=
github.com/minkj1992/git v0.0.0-20201125163149-5a22dccdb98f/go.mod h1:zxRZTU4+4MV0Pm5W4AfHqHZNvxx9lFw/BnNAzvRydP4=
github.com/minkj1992/go_nomad v0.0.0-20201126090339-8b84b5724529 h1:pzNLIvtKAYslByah+TPTds/Kd4DruP6wqF0Xvlbmjt8=
github.com/minkj1992/go_nomad v0.0.0-20201126090339-8b84b5724529/go.mod h1:kS/yUe7SPjH6ihDZtnQhihgV44SQ1CE12IBe/vi9GBk=
github.com/minkj1992/hugo v0.0.0-20201031055418-ff0a9be4ba9a h1:VNSMjlBMq4iwHXhHOPLMNS4n9HQVN2TeTtTNOWVhW60=
github.com/minkj1992/hugo v0.0.0-20201031055418-ff0a9be4ba9a/go.mod h1:ztLx3/CtmFRzW+7pJlZJVscOyin3pNOQuhMfVDbUcn8=
github.com/minkj1992/kube v0.0.0-20201026042644-50eebf5926c9 h1:U90ra/j+rv+r4yl5bl05GCoW2jfByh+F9kYgGL9JQ2g=
github.com/minkj1992/kube v0.0.0-20201026042644-50eebf5926c9/go.mod h1:3Ap8chXl8jP+1Mx0TB8Y4HjIpJ0GFi/wd87Qp0yCfM4=
github.com/minkj1992/kubernetes-pattern v0.0.0-20201202110552-df12a3dd3aa7 h1:9cDuLVf97diKaIjs+w+S28qsVNHzlYFLQHcpESVLtYI=
github.com/minkj1992/kubernetes-pattern v0.0.0-20201202110552-df12a3dd3aa7/go.mod h1:zfr0/zqjVqX3uJvDn2LY+gfs3InzcINZeBfDbHYvUyU=
github.com/minkj1992/web v0.0.0-20201123115510-7e5545268d36 h1:+6OCijz2d/0iHZ9QHL20yLV9GupX/cPSLk7OgZkid2Q=
github.com/minkj1992/web v0.0.0-20201123115510-7e5545268d36/go.mod h1:fHzlTA2ksNLXQvaa0eps/cn3+kOMbkvUjrLFOGcJWK4=
github.com/s4n7h0/hugo-theme-timeline v0.0.0-20201011151605-b2edb87d3406 h1:X/sQ7au3Q7ZmoQ/Vu1jXvxeKUv8cRbjndHOZEWzRX8g=
github.com/s4n7h0/hugo-theme-timeline v0.0.0-20201011151605-b2edb87d3406/go.mod h1:RIXoQXVTtMbyVv0a04h7c+kcLrudI2I7VQiuNrH2r+M=
golang.org/x/crypto v0.0.0-20190308221718-c2843e01d9a2/go.mod h1:djNgcEr1/C05ACkg1iLfiJU5Ep61QUkGW8qpdssI0+w=
golang.org/x/net v0.0.0-20180218175443-cbe0f9307d01/go.mod h1:mL1N/T3taQHkDXs73rZJwtUhF3w3ftmwwsq0BUmARs4=
golang.org/x/net v0.0.0-20200202094626-16171245cfb2 h1:CCH4IOTTfewWjGOlSp+zGcjutRKlBEZQ6wTn8ozI/nI=
golang.org/x/net v0.0.0-20200202094626-16171245cfb2/go.mod h1:z5CRVTTTmAJ677TzLLGU+0bjPO0LkuOLi4/5GtJWs/s=
golang.org/x/sys v0.0.0-20190215142949-d0b11bdaac8a/go.mod h1:STP8DvDyc/dI5b8T5hshtkjS+E42TnysNCUPdjciGhY=
golang.org/x/text v0.3.0/go.mod h1:NqM8EUOU14njkJ3fqMW+pc6Ldnwhi/IjpwHt7yyuwOQ=
